
Microsoft Visual Studio Solution File, Format Version 12.00
# Visual Studio Version 16
VisualStudioVersion = 16.0.31702.278
MinimumVisualStudioVersion = 10.0.40219.1
Project("{FAE04EC0-301F-11D3-BF4B-00C04F79EFBC}") = "INSS", "INSS.csproj", "{68F7E0F8-788F-430A-9B09-39624AA436A2}"
EndProject
Project("{2150E333-8FDC-42A3-9474-1A3956D46DE8}") = "1 - Application", "1 - Application", "{AD92C5B5-40AC-4662-9B38-60A641A6CC08}"
EndProject
Project("{2150E333-8FDC-42A3-9474-1A3956D46DE8}") = "2 - Business", "2 - Business", "{D6FD37BD-539D-49F8-BDF8-D1CE2B5309DB}"
EndProject
Project("{FAE04EC0-301F-11D3-BF4B-00C04F79EFBC}") = "WebApplication", "..\WebApplicationINSS\WebApplication.csproj", "{9F924EA2-B159-4D91-932D-6DA13BCCF2BF}"
EndProject
Global
	GlobalSection(SolutionConfigurationPlatforms) = preSolution
		Debug|Any CPU = Debug|Any CPU
		Release|Any CPU = Release|Any CPU
	EndGlobalSection
	GlobalSection(ProjectConfigurationPlatforms) = postSolution
		{68F7E0F8-788F-430A-9B09-39624AA436A2}.Debug|Any CPU.ActiveCfg = Debug|Any CPU
		{68F7E0F8-788F-430A-9B09-39624AA436A2}.Debug|Any CPU.Build.0 = Debug|Any CPU
		{68F7E0F8-788F-430A-9B09-39624AA436A2}.Release|Any CPU.ActiveCfg = Release|Any CPU
		{68F7E0F8-788F-430A-9B09-39624AA436A2}.Release|Any CPU.Build.0 = Release|Any CPU
		{9F924EA2-B159-4D91-932D-6DA13BCCF2BF}.Debug|Any CPU.ActiveCfg = Debug|Any CPU
		{9F924EA2-B159-4D91-932D-6DA13BCCF2BF}.Debug|Any CPU.Build.0 = Debug|Any CPU
		{9F924EA2-B159-4D91-932D-6DA13BCCF2BF}.Release|Any CPU.ActiveCfg = Release|Any CPU
		{9F924EA2-B159-4D91-932D-6DA13BCCF2BF}.Release|Any CPU.Build.0 = Release|Any CPU
	EndGlobalSection
	GlobalSection(SolutionProperties) = preSolution
		HideSolutionNode = FALSE
	EndGlobalSection
	GlobalSection(NestedProjects) = preSolution
		{68F7E0F8-788F-430A-9B09-39624AA436A2} = {D6FD37BD-539D-49F8-BDF8-D1CE2B5309DB}
		{9F924EA2-B159-4D91-932D-6DA13BCCF2BF} = {AD92C5B5-40AC-4662-9B38-60A641A6CC08}
	EndGlobalSection
	GlobalSection(ExtensibilityGlobals) = postSolution
		SolutionGuid = {03D11E8B-D3FD-48CF-99E8-4F6F2AB4C30F}
	EndGlobalSection
EndGlobal
